
Microsoft Visual Studio Solution File, Format Version 12.00
# Visual Studio Version 17
VisualStudioVersion = 17.10.35027.167
MinimumVisualStudioVersion = 10.0.40219.1
Project("{FAE04EC0-301F-11D3-BF4B-00C04F79EFBC}") = "ToDoListApp", "ToDoListApp\ToDoListApp.csproj", "{D5285824-0F6C-4EEA-94B6-13F176114EF3}"
EndProject
Global
	GlobalSection(SolutionConfigurationPlatforms) = preSolution
		Debug|Any CPU = Debug|Any CPU
		Release|Any CPU = Release|Any CPU
	EndGlobalSection
	GlobalSection(ProjectConfigurationPlatforms) = postSolution
		{D5285824-0F6C-4EEA-94B6-13F176114EF3}.Debug|Any CPU.ActiveCfg = Debug|Any CPU
		{D5285824-0F6C-4EEA-94B6-13F176114EF3}.Debug|Any CPU.Build.0 = Debug|Any CPU
		{D5285824-0F6C-4EEA-94B6-13F176114EF3}.Release|Any CPU.ActiveCfg = Release|Any CPU
		{D5285824-0F6C-4EEA-94B6-13F176114EF3}.Release|Any CPU.Build.0 = Release|Any CPU
	EndGlobalSection
	GlobalSection(SolutionProperties) = preSolution
		HideSolutionNode = FALSE
	EndGlobalSection
	GlobalSection(ExtensibilityGlobals) = postSolution
		SolutionGuid = {1B929241-75B8-4803-BA29-9783C0582D02}
	EndGlobalSection
EndGlobal
